
Microsoft Visual Studio Solution File, Format Version 12.00
# Visual Studio 14
VisualStudioVersion = 14.0.24720.0
MinimumVisualStudioVersion = 10.0.40219.1
Project("{FAE04EC0-301F-11D3-BF4B-00C04F79EFBC}") = "Dialog_test_v.1", "Dialog_test_v.1\Dialog_test_v.1.csproj", "{4996C143-7CB2-4299-9743-820DC5EA6F8F}"
EndProject
Project("{2150E333-8FDC-42A3-9474-1A3956D46DE8}") = "Solution Items", "Solution Items", "{CBC6AC56-AD4D-4D82-9247-63A13D19413A}"
	ProjectSection(SolutionItems) = preProject
		Dialog_test_v.1\bin\Debug\Narrator1.xml = Dialog_test_v.1\bin\Debug\Narrator1.xml
	EndProjectSection
EndProject
Global
	GlobalSection(SolutionConfigurationPlatforms) = preSolution
		Debug|Any CPU = Debug|Any CPU
		Release|Any CPU = Release|Any CPU
	EndGlobalSection
	GlobalSection(ProjectConfigurationPlatforms) = postSolution
		{4996C143-7CB2-4299-9743-820DC5EA6F8F}.Debug|Any CPU.ActiveCfg = Debug|Any CPU
		{4996C143-7CB2-4299-9743-820DC5EA6F8F}.Debug|Any CPU.Build.0 = Debug|Any CPU
		{4996C143-7CB2-4299-9743-820DC5EA6F8F}.Release|Any CPU.ActiveCfg = Release|Any CPU
		{4996C143-7CB2-4299-9743-820DC5EA6F8F}.Release|Any CPU.Build.0 = Release|Any CPU
	EndGlobalSection
	GlobalSection(SolutionProperties) = preSolution
		HideSolutionNode = FALSE
	EndGlobalSection
EndGlobal
